
Microsoft Visual Studio Solution File, Format Version 12.00
# Visual Studio 15
VisualStudioVersion = 15.0.28307.757
MinimumVisualStudioVersion = 10.0.40219.1
Project("{FAE04EC0-301F-11D3-BF4B-00C04F79EFBC}") = "SpeedDetailsImageVisualizer", "SpeedDetailsImageVisualizer\SpeedDetailsImageVisualizer.csproj", "{8111395D-2987-4E91-94A6-340469051676}"
EndProject
Project("{FAE04EC0-301F-11D3-BF4B-00C04F79EFBC}") = "Core", "Core\Core.csproj", "{7C3BBCB9-475D-43AD-BDB6-4D874F77A88D}"
EndProject
Project("{2150E333-8FDC-42A3-9474-1A3956D46DE8}") = "RemoteReport.CoreLayer", "RemoteReport.CoreLayer", "{E012A778-2845-4965-9F05-88ABEC0891F6}"
EndProject
Project("{FAE04EC0-301F-11D3-BF4B-00C04F79EFBC}") = "PdfSharp", "PdfSharp\PdfSharp.csproj", "{5A6055BC-BF86-4FDD-9F62-0109DB7A303B}"
EndProject
Project("{2150E333-8FDC-42A3-9474-1A3956D46DE8}") = "RemoteReport.PresentationLayer", "RemoteReport.PresentationLayer", "{FB6D6621-A37E-485F-9C1B-F7FCD2BE8169}"
EndProject
Project("{FAE04EC0-301F-11D3-BF4B-00C04F79EFBC}") = "Common", "Common\Common.csproj", "{DECF34C0-B4A0-4ADA-8594-F681FA11973A}"
EndProject
Project("{FAE04EC0-301F-11D3-BF4B-00C04F79EFBC}") = "Models", "Models\Models.csproj", "{D1173536-5310-42A1-8575-BDD8F872895F}"
EndProject
Project("{2150E333-8FDC-42A3-9474-1A3956D46DE8}") = "RemoteReport.BusinessLayer", "RemoteReport.BusinessLayer", "{07C16C08-62D0-45CE-8669-779CBDB22963}"
EndProject
Project("{FAE04EC0-301F-11D3-BF4B-00C04F79EFBC}") = "Business", "Business\Business.csproj", "{4E6A7161-66C2-4593-9275-DEDEB292C29A}"
EndProject
Project("{FAE04EC0-301F-11D3-BF4B-00C04F79EFBC}") = "DialogService", "DialogService\DialogService.csproj", "{E6F99634-53A5-401C-898D-6BE433885EC1}"
EndProject
Global
	GlobalSection(SolutionConfigurationPlatforms) = preSolution
		Debug|Any CPU = Debug|Any CPU
		Debug|x64 = Debug|x64
		Debug|x86 = Debug|x86
		Release|Any CPU = Release|Any CPU
		Release|x64 = Release|x64
		Release|x86 = Release|x86
	EndGlobalSection
	GlobalSection(ProjectConfigurationPlatforms) = postSolution
		{8111395D-2987-4E91-94A6-340469051676}.Debug|Any CPU.ActiveCfg = Debug|Any CPU
		{8111395D-2987-4E91-94A6-340469051676}.Debug|Any CPU.Build.0 = Debug|Any CPU
		{8111395D-2987-4E91-94A6-340469051676}.Debug|x64.ActiveCfg = Debug|Any CPU
		{8111395D-2987-4E91-94A6-340469051676}.Debug|x64.Build.0 = Debug|Any CPU
		{8111395D-2987-4E91-94A6-340469051676}.Debug|x86.ActiveCfg = Debug|x86
		{8111395D-2987-4E91-94A6-340469051676}.Debug|x86.Build.0 = Debug|x86
		{8111395D-2987-4E91-94A6-340469051676}.Release|Any CPU.ActiveCfg = Release|Any CPU
		{8111395D-2987-4E91-94A6-340469051676}.Release|Any CPU.Build.0 = Release|Any CPU
		{8111395D-2987-4E91-94A6-340469051676}.Release|x64.ActiveCfg = Release|x64
		{8111395D-2987-4E91-94A6-340469051676}.Release|x64.Build.0 = Release|x64
		{8111395D-2987-4E91-94A6-340469051676}.Release|x86.ActiveCfg = Release|x86
		{8111395D-2987-4E91-94A6-340469051676}.Release|x86.Build.0 = Release|x86
		{7C3BBCB9-475D-43AD-BDB6-4D874F77A88D}.Debug|Any CPU.ActiveCfg = Debug|Any CPU
		{7C3BBCB9-475D-43AD-BDB6-4D874F77A88D}.Debug|Any CPU.Build.0 = Debug|Any CPU
		{7C3BBCB9-475D-43AD-BDB6-4D874F77A88D}.Debug|x64.ActiveCfg = Debug|Any CPU
		{7C3BBCB9-475D-43AD-BDB6-4D874F77A88D}.Debug|x64.Build.0 = Debug|Any CPU
		{7C3BBCB9-475D-43AD-BDB6-4D874F77A88D}.Debug|x86.ActiveCfg = Debug|x86
		{7C3BBCB9-475D-43AD-BDB6-4D874F77A88D}.Debug|x86.Build.0 = Debug|x86
		{7C3BBCB9-475D-43AD-BDB6-4D874F77A88D}.Release|Any CPU.ActiveCfg = Release|Any CPU
		{7C3BBCB9-475D-43AD-BDB6-4D874F77A88D}.Release|Any CPU.Build.0 = Release|Any CPU
		{7C3BBCB9-475D-43AD-BDB6-4D874F77A88D}.Release|x64.ActiveCfg = Release|x64
		{7C3BBCB9-475D-43AD-BDB6-4D874F77A88D}.Release|x64.Build.0 = Release|x64
		{7C3BBCB9-475D-43AD-BDB6-4D874F77A88D}.Release|x86.ActiveCfg = Release|x86
		{7C3BBCB9-475D-43AD-BDB6-4D874F77A88D}.Release|x86.Build.0 = Release|x86
		{5A6055BC-BF86-4FDD-9F62-0109DB7A303B}.Debug|Any CPU.ActiveCfg = Debug|Any CPU
		{5A6055BC-BF86-4FDD-9F62-0109DB7A303B}.Debug|Any CPU.Build.0 = Debug|Any CPU
		{5A6055BC-BF86-4FDD-9F62-0109DB7A303B}.Debug|x64.ActiveCfg = Debug|Any CPU
		{5A6055BC-BF86-4FDD-9F62-0109DB7A303B}.Debug|x64.Build.0 = Debug|Any CPU
		{5A6055BC-BF86-4FDD-9F62-0109DB7A303B}.Debug|x86.ActiveCfg = Debug|x86
		{5A6055BC-BF86-4FDD-9F62-0109DB7A303B}.Debug|x86.Build.0 = Debug|x86
		{5A6055BC-BF86-4FDD-9F62-0109DB7A303B}.Release|Any CPU.ActiveCfg = Release|Any CPU
		{5A6055BC-BF86-4FDD-9F62-0109DB7A303B}.Release|Any CPU.Build.0 = Release|Any CPU
		{5A6055BC-BF86-4FDD-9F62-0109DB7A303B}.Release|x64.ActiveCfg = Release|x64
		{5A6055BC-BF86-4FDD-9F62-0109DB7A303B}.Release|x64.Build.0 = Release|x64
		{5A6055BC-BF86-4FDD-9F62-0109DB7A303B}.Release|x86.ActiveCfg = Release|x86
		{5A6055BC-BF86-4FDD-9F62-0109DB7A303B}.Release|x86.Build.0 = Release|x86
		{DECF34C0-B4A0-4ADA-8594-F681FA11973A}.Debug|Any CPU.ActiveCfg = Debug|Any CPU
		{DECF34C0-B4A0-4ADA-8594-F681FA11973A}.Debug|Any CPU.Build.0 = Debug|Any CPU
		{DECF34C0-B4A0-4ADA-8594-F681FA11973A}.Debug|x64.ActiveCfg = Debug|Any CPU
		{DECF34C0-B4A0-4ADA-8594-F681FA11973A}.Debug|x64.Build.0 = Debug|Any CPU
		{DECF34C0-B4A0-4ADA-8594-F681FA11973A}.Debug|x86.ActiveCfg = Debug|Any CPU
		{DECF34C0-B4A0-4ADA-8594-F681FA11973A}.Debug|x86.Build.0 = Debug|Any CPU
		{DECF34C0-B4A0-4ADA-8594-F681FA11973A}.Release|Any CPU.ActiveCfg = Release|Any CPU
		{DECF34C0-B4A0-4ADA-8594-F681FA11973A}.Release|Any CPU.Build.0 = Release|Any CPU
		{DECF34C0-B4A0-4ADA-8594-F681FA11973A}.Release|x64.ActiveCfg = Release|Any CPU
		{DECF34C0-B4A0-4ADA-8594-F681FA11973A}.Release|x64.Build.0 = Release|Any CPU
		{DECF34C0-B4A0-4ADA-8594-F681FA11973A}.Release|x86.ActiveCfg = Release|Any CPU
		{DECF34C0-B4A0-4ADA-8594-F681FA11973A}.Release|x86.Build.0 = Release|Any CPU
		{D1173536-5310-42A1-8575-BDD8F872895F}.Debug|Any CPU.ActiveCfg = Debug|Any CPU
		{D1173536-5310-42A1-8575-BDD8F872895F}.Debug|Any CPU.Build.0 = Debug|Any CPU
		{D1173536-5310-42A1-8575-BDD8F872895F}.Debug|x64.ActiveCfg = Debug|Any CPU
		{D1173536-5310-42A1-8575-BDD8F872895F}.Debug|x64.Build.0 = Debug|Any CPU
		{D1173536-5310-42A1-8575-BDD8F872895F}.Debug|x86.ActiveCfg = Debug|Any CPU
		{D1173536-5310-42A1-8575-BDD8F872895F}.Debug|x86.Build.0 = Debug|Any CPU
		{D1173536-5310-42A1-8575-BDD8F872895F}.Release|Any CPU.ActiveCfg = Release|Any CPU
		{D1173536-5310-42A1-8575-BDD8F872895F}.Release|Any CPU.Build.0 = Release|Any CPU
		{D1173536-5310-42A1-8575-BDD8F872895F}.Release|x64.ActiveCfg = Release|Any CPU
		{D1173536-5310-42A1-8575-BDD8F872895F}.Release|x64.Build.0 = Release|Any CPU
		{D1173536-5310-42A1-8575-BDD8F872895F}.Release|x86.ActiveCfg = Release|Any CPU
		{D1173536-5310-42A1-8575-BDD8F872895F}.Release|x86.Build.0 = Release|Any CPU
		{4E6A7161-66C2-4593-9275-DEDEB292C29A}.Debug|Any CPU.ActiveCfg = Debug|Any CPU
		{4E6A7161-66C2-4593-9275-DEDEB292C29A}.Debug|Any CPU.Build.0 = Debug|Any CPU
		{4E6A7161-66C2-4593-9275-DEDEB292C29A}.Debug|x64.ActiveCfg = Debug|Any CPU
		{4E6A7161-66C2-4593-9275-DEDEB292C29A}.Debug|x64.Build.0 = Debug|Any CPU
		{4E6A7161-66C2-4593-9275-DEDEB292C29A}.Debug|x86.ActiveCfg = Debug|Any CPU
		{4E6A7161-66C2-4593-9275-DEDEB292C29A}.Debug|x86.Build.0 = Debug|Any CPU
		{4E6A7161-66C2-4593-9275-DEDEB292C29A}.Release|Any CPU.ActiveCfg = Release|Any CPU
		{4E6A7161-66C2-4593-9275-DEDEB292C29A}.Release|Any CPU.Build.0 = Release|Any CPU
		{4E6A7161-66C2-4593-9275-DEDEB292C29A}.Release|x64.ActiveCfg = Release|Any CPU
		{4E6A7161-66C2-4593-9275-DEDEB292C29A}.Release|x64.Build.0 = Release|Any CPU
		{4E6A7161-66C2-4593-9275-DEDEB292C29A}.Release|x86.ActiveCfg = Release|Any CPU
		{4E6A7161-66C2-4593-9275-DEDEB292C29A}.Release|x86.Build.0 = Release|Any CPU
		{E6F99634-53A5-401C-898D-6BE433885EC1}.Debug|Any CPU.ActiveCfg = Debug|Any CPU
		{E6F99634-53A5-401C-898D-6BE433885EC1}.Debug|Any CPU.Build.0 = Debug|Any CPU
		{E6F99634-53A5-401C-898D-6BE433885EC1}.Debug|x64.ActiveCfg = Debug|x64
		{E6F99634-53A5-401C-898D-6BE433885EC1}.Debug|x64.Build.0 = Debug|x64
		{E6F99634-53A5-401C-898D-6BE433885EC1}.Debug|x86.ActiveCfg = Debug|x86
		{E6F99634-53A5-401C-898D-6BE433885EC1}.Debug|x86.Build.0 = Debug|x86
		{E6F99634-53A5-401C-898D-6BE433885EC1}.Release|Any CPU.ActiveCfg = Release|Any CPU
		{E6F99634-53A5-401C-898D-6BE433885EC1}.Release|Any CPU.Build.0 = Release|Any CPU
		{E6F99634-53A5-401C-898D-6BE433885EC1}.Release|x64.ActiveCfg = Release|x64
		{E6F99634-53A5-401C-898D-6BE433885EC1}.Release|x64.Build.0 = Release|x64
		{E6F99634-53A5-401C-898D-6BE433885EC1}.Release|x86.ActiveCfg = Release|x86
		{E6F99634-53A5-401C-898D-6BE433885EC1}.Release|x86.Build.0 = Release|x86
	EndGlobalSection
	GlobalSection(SolutionProperties) = preSolution
		HideSolutionNode = FALSE
	EndGlobalSection
	GlobalSection(NestedProjects) = preSolution
		{8111395D-2987-4E91-94A6-340469051676} = {FB6D6621-A37E-485F-9C1B-F7FCD2BE8169}
		{7C3BBCB9-475D-43AD-BDB6-4D874F77A88D} = {E012A778-2845-4965-9F05-88ABEC0891F6}
		{5A6055BC-BF86-4FDD-9F62-0109DB7A303B} = {E012A778-2845-4965-9F05-88ABEC0891F6}
		{DECF34C0-B4A0-4ADA-8594-F681FA11973A} = {E012A778-2845-4965-9F05-88ABEC0891F6}
		{D1173536-5310-42A1-8575-BDD8F872895F} = {E012A778-2845-4965-9F05-88ABEC0891F6}
		{4E6A7161-66C2-4593-9275-DEDEB292C29A} = {07C16C08-62D0-45CE-8669-779CBDB22963}
		{E6F99634-53A5-401C-898D-6BE433885EC1} = {FB6D6621-A37E-485F-9C1B-F7FCD2BE8169}
	EndGlobalSection
	GlobalSection(ExtensibilityGlobals) = postSolution
		SolutionGuid = {39B4CB8C-B46E-4CAB-BC32-3FC88A74F990}
	EndGlobalSection
EndGlobal
